{
  "nodes": {
    "ak-nix": {
      "inputs": {
        "nixpkgs": "nixpkgs"
      },
      "locked": {
        "lastModified": 1683411611,
        "narHash": "sha256-StqqL0tGXYgFLt4hYMkNzDs/HityC7Iq66xegAgjDzI=",
        "owner": "aakropotkin",
        "repo": "ak-nix",
        "rev": "51f7e428f6e853e635837fd4846cb8ecf071487c",
        "type": "github"
      },
      "original": {
        "owner": "aakropotkin",
        "ref": "main",
        "repo": "ak-nix",
        "type": "github"
      }
    },
    "nixpkgs": {
      "locked": {
        "lastModified": 1672633908,
        "narHash": "sha256-sP0BMp4DprVCBjcTYPsTPwkJMsc45vM0FxHdDx6qE8U=",
        "owner": "NixOS",
        "repo": "nixpkgs",
        "rev": "a4379d2b0deefedc8dba360897557707ea9ee9a7",
        "type": "github"
      },
      "original": {
        "id": "nixpkgs",
        "type": "indirect"
      }
    },
    "rime": {
      "inputs": {
        "ak-nix": "ak-nix",
        "nixpkgs": [
          "rime",
          "ak-nix",
          "nixpkgs"
        ]
      },
      "locked": {
        "lastModified": 1683415001,
        "narHash": "sha256-c9pue/f93/L/RN1lZ4cjAytNXZAucSyU3AHvFL1BIFM=",
        "owner": "aakropotkin",
        "repo": "rime",
        "rev": "851f0cddfefc8131b02d801e49a83c3e77407ec6",
        "type": "github"
      },
      "original": {
        "owner": "aakropotkin",
        "repo": "rime",
        "type": "github"
      }
    },
    "root": {
      "inputs": {
        "nixpkgs": [
          "rime",
          "nixpkgs"
        ],
        "rime": "rime"
      }
    }
  },
  "root": "root",
  "version": 7
}
