{
  "nodes": {
    "ak-nix": {
      "inputs": {
        "nixpkgs": "nixpkgs"
      },
      "locked": {
        "lastModified": 1669739816,
        "narHash": "sha256-BaxVW2prLWoQgno68qXYTKd2oP7GR00g751knsnSaAk=",
        "owner": "aakropotkin",
        "repo": "ak-nix",
        "rev": "03362320211d83f676ef39b3269f024d0a141dfb",
        "type": "github"
      },
      "original": {
        "owner": "aakropotkin",
        "ref": "main",
        "repo": "ak-nix",
        "type": "github"
      }
    },
    "nixpkgs": {
      "locked": {
        "lastModified": 1666447894,
        "narHash": "sha256-i9WHX4w/et4qPMzEXd9POmnO0/bthjr7R4cblKNHGms=",
        "owner": "NixOS",
        "repo": "nixpkgs",
        "rev": "95aeaf83c247b8f5aa561684317ecd860476fcd6",
        "type": "github"
      },
      "original": {
        "id": "nixpkgs",
        "type": "indirect"
      }
    },
    "rime": {
      "inputs": {
        "ak-nix": "ak-nix",
        "nixpkgs": [
          "rime",
          "ak-nix",
          "nixpkgs"
        ]
      },
      "locked": {
        "lastModified": 1669739841,
        "narHash": "sha256-JvIIuV0z/s+QdpWFw1dL0s3sr1absEUSGgoSmT/iIU8=",
        "owner": "aakropotkin",
        "repo": "rime",
        "rev": "5a0ecdb143a6504e2825fa4d46803791262169b2",
        "type": "github"
      },
      "original": {
        "owner": "aakropotkin",
        "repo": "rime",
        "type": "github"
      }
    },
    "root": {
      "inputs": {
        "nixpkgs": [
          "rime",
          "nixpkgs"
        ],
        "rime": "rime"
      }
    }
  },
  "root": "root",
  "version": 7
}
